
Microsoft Visual Studio Solution File, Format Version 12.00
Project("{FAE04EC0-301F-11D3-BF4B-00C04F79EFBC}") = "Backend", "Backend\Backend.csproj", "{46C1206B-5E43-4EAF-92D6-BD2FD601BAAC}"
EndProject
Project("{FAE04EC0-301F-11D3-BF4B-00C04F79EFBC}") = "Shared", "Shared\Shared.csproj", "{11EBE3A5-210B-4569-B617-D24EE227679E}"
EndProject
Project("{FAE04EC0-301F-11D3-BF4B-00C04F79EFBC}") = "UI", "UI\UI.csproj", "{4F873AE0-B09C-4AE4-B263-604F7F95F5FF}"
EndProject
Global
	GlobalSection(SolutionConfigurationPlatforms) = preSolution
		Debug|Any CPU = Debug|Any CPU
		Release|Any CPU = Release|Any CPU
	EndGlobalSection
	GlobalSection(ProjectConfigurationPlatforms) = postSolution
		{46C1206B-5E43-4EAF-92D6-BD2FD601BAAC}.Debug|Any CPU.ActiveCfg = Debug|Any CPU
		{46C1206B-5E43-4EAF-92D6-BD2FD601BAAC}.Debug|Any CPU.Build.0 = Debug|Any CPU
		{46C1206B-5E43-4EAF-92D6-BD2FD601BAAC}.Release|Any CPU.ActiveCfg = Release|Any CPU
		{46C1206B-5E43-4EAF-92D6-BD2FD601BAAC}.Release|Any CPU.Build.0 = Release|Any CPU
		{11EBE3A5-210B-4569-B617-D24EE227679E}.Debug|Any CPU.ActiveCfg = Debug|Any CPU
		{11EBE3A5-210B-4569-B617-D24EE227679E}.Debug|Any CPU.Build.0 = Debug|Any CPU
		{11EBE3A5-210B-4569-B617-D24EE227679E}.Release|Any CPU.ActiveCfg = Release|Any CPU
		{11EBE3A5-210B-4569-B617-D24EE227679E}.Release|Any CPU.Build.0 = Release|Any CPU
		{4F873AE0-B09C-4AE4-B263-604F7F95F5FF}.Debug|Any CPU.ActiveCfg = Debug|Any CPU
		{4F873AE0-B09C-4AE4-B263-604F7F95F5FF}.Debug|Any CPU.Build.0 = Debug|Any CPU
		{4F873AE0-B09C-4AE4-B263-604F7F95F5FF}.Release|Any CPU.ActiveCfg = Release|Any CPU
		{4F873AE0-B09C-4AE4-B263-604F7F95F5FF}.Release|Any CPU.Build.0 = Release|Any CPU
	EndGlobalSection
EndGlobal
